
Microsoft Visual Studio Solution File, Format Version 12.00
# Visual Studio Version 17
VisualStudioVersion = 17.5.33516.290
MinimumVisualStudioVersion = 10.0.40219.1
Project("{FAE04EC0-301F-11D3-BF4B-00C04F79EFBC}") = "ProvaTPLI", "ProvaTPLI\ProvaTPLI.csproj", "{95AF3E3E-BED8-40C9-9C26-C55F2017E370}"
EndProject
Global
	GlobalSection(SolutionConfigurationPlatforms) = preSolution
		Debug|Any CPU = Debug|Any CPU
		Release|Any CPU = Release|Any CPU
	EndGlobalSection
	GlobalSection(ProjectConfigurationPlatforms) = postSolution
		{95AF3E3E-BED8-40C9-9C26-C55F2017E370}.Debug|Any CPU.ActiveCfg = Debug|Any CPU
		{95AF3E3E-BED8-40C9-9C26-C55F2017E370}.Debug|Any CPU.Build.0 = Debug|Any CPU
		{95AF3E3E-BED8-40C9-9C26-C55F2017E370}.Release|Any CPU.ActiveCfg = Release|Any CPU
		{95AF3E3E-BED8-40C9-9C26-C55F2017E370}.Release|Any CPU.Build.0 = Release|Any CPU
	EndGlobalSection
	GlobalSection(SolutionProperties) = preSolution
		HideSolutionNode = FALSE
	EndGlobalSection
	GlobalSection(ExtensibilityGlobals) = postSolution
		SolutionGuid = {C09CD56E-0953-4A05-A68C-408EF6537B90}
	EndGlobalSection
EndGlobal
